{
  "name": "datathon-crime-map",
  "lockfileVersion": 2,
  "requires": true,
  "packages": {
    "": {
      "dependencies": {
        "d3-color-legend": "^1.4.1",
        "lightpick": "^1.6.2"
      }
    },
    "node_modules/d3-array": {
      "version": "3.2.2",
      "resolved": "https://registry.npmjs.org/d3-array/-/d3-array-3.2.2.tgz",
      "integrity": "sha512-yEEyEAbDrF8C6Ob2myOBLjwBLck1Z89jMGFee0oPsn95GqjerpaOA4ch+vc2l0FNFFwMD5N7OCSEN5eAlsUbgQ==",
      "dependencies": {
        "internmap": "1 - 2"
      },
      "engines": {
        "node": ">=12"
      }
    },
    "node_modules/d3-color": {
      "version": "3.1.0",
      "resolved": "https://registry.npmjs.org/d3-color/-/d3-color-3.1.0.tgz",
      "integrity": "sha512-zg/chbXyeBtMQ1LbD/WSoW2DpC3I0mpmPdW+ynRTj/x2DAWYrIY7qeZIHidozwV24m4iavr15lNwIwLxRmOxhA==",
      "engines": {
        "node": ">=12"
      }
    },
    "node_modules/d3-color-legend": {
      "version": "1.4.1",
      "resolved": "https://registry.npmjs.org/d3-color-legend/-/d3-color-legend-1.4.1.tgz",
      "integrity": "sha512-3yypvVkxAr8HVS+i1r+KInPKV3fkdYpXvqqjubX8OSrESn7TgzrkiZslJdCmPRN/o/Th5nzV4wjIy9JlHYL8eQ==",
      "dependencies": {
        "d3-selection": "2 - 3",
        "kapsule": "^1.14",
        "svg-text-fit": "^1.2",
        "svg-utils": "^1.3",
        "tinycolor2": "^1.6.0"
      },
      "engines": {
        "node": ">=12"
      }
    },
    "node_modules/d3-format": {
      "version": "3.1.0",
      "resolved": "https://registry.npmjs.org/d3-format/-/d3-format-3.1.0.tgz",
      "integrity": "sha512-YyUI6AEuY/Wpt8KWLgZHsIU86atmikuoOmCfommt0LYHiQSPjvX2AcFc38PX0CBpr2RCyZhjex+NS/LPOv6YqA==",
      "engines": {
        "node": ">=12"
      }
    },
    "node_modules/d3-interpolate": {
      "version": "3.0.1",
      "resolved": "https://registry.npmjs.org/d3-interpolate/-/d3-interpolate-3.0.1.tgz",
      "integrity": "sha512-3bYs1rOD33uo8aqJfKP3JWPAibgw8Zm2+L9vBKEHJ2Rg+viTR7o5Mmv5mZcieN+FRYaAOWX5SJATX6k1PWz72g==",
      "dependencies": {
        "d3-color": "1 - 3"
      },
      "engines": {
        "node": ">=12"
      }
    },
    "node_modules/d3-scale": {
      "version": "4.0.2",
      "resolved": "https://registry.npmjs.org/d3-scale/-/d3-scale-4.0.2.tgz",
      "integrity": "sha512-GZW464g1SH7ag3Y7hXjf8RoUuAFIqklOAq3MRl4OaWabTFJY9PN/E1YklhXLh+OQ3fM9yS2nOkCoS+WLZ6kvxQ==",
      "dependencies": {
        "d3-array": "2.10.0 - 3",
        "d3-format": "1 - 3",
        "d3-interpolate": "1.2.0 - 3",
        "d3-time": "2.1.1 - 3",
        "d3-time-format": "2 - 4"
      },
      "engines": {
        "node": ">=12"
      }
    },
    "node_modules/d3-selection": {
      "version": "3.0.0",
      "resolved": "https://registry.npmjs.org/d3-selection/-/d3-selection-3.0.0.tgz",
      "integrity": "sha512-fmTRWbNMmsmWq6xJV8D19U/gw/bwrHfNXxrIN+HfZgnzqTHp9jOmKMhsTUjXOJnZOdZY9Q28y4yebKzqDKlxlQ==",
      "engines": {
        "node": ">=12"
      }
    },
    "node_modules/d3-time": {
      "version": "3.1.0",
      "resolved": "https://registry.npmjs.org/d3-time/-/d3-time-3.1.0.tgz",
      "integrity": "sha512-VqKjzBLejbSMT4IgbmVgDjpkYrNWUYJnbCGo874u7MMKIWsILRX+OpX/gTk8MqjpT1A/c6HY2dCA77ZN0lkQ2Q==",
      "dependencies": {
        "d3-array": "2 - 3"
      },
      "engines": {
        "node": ">=12"
      }
    },
    "node_modules/d3-time-format": {
      "version": "4.1.0",
      "resolved": "https://registry.npmjs.org/d3-time-format/-/d3-time-format-4.1.0.tgz",
      "integrity": "sha512-dJxPBlzC7NugB2PDLwo9Q8JiTR3M3e4/XANkreKSUxF8vvXKqm1Yfq4Q5dl8budlunRVlUUaDUgFt7eA8D6NLg==",
      "dependencies": {
        "d3-time": "1 - 3"
      },
      "engines": {
        "node": ">=12"
      }
    },
    "node_modules/debounce": {
      "version": "1.2.1",
      "resolved": "https://registry.npmjs.org/debounce/-/debounce-1.2.1.tgz",
      "integrity": "sha512-XRRe6Glud4rd/ZGQfiV1ruXSfbvfJedlV9Y6zOlP+2K04vBYiJEte6stfFkCP03aMnY5tsipamumUjL14fofug=="
    },
    "node_modules/internmap": {
      "version": "2.0.3",
      "resolved": "https://registry.npmjs.org/internmap/-/internmap-2.0.3.tgz",
      "integrity": "sha512-5Hh7Y1wQbvY5ooGgPbDaL5iYLAPzMTUrjMulskHLH6wnv/A+1q5rgEaiuqEjB+oxGXIVZs1FF+R/KPN3ZSQYYg==",
      "engines": {
        "node": ">=12"
      }
    },
    "node_modules/kapsule": {
      "version": "1.14.1",
      "resolved": "https://registry.npmjs.org/kapsule/-/kapsule-1.14.1.tgz",
      "integrity": "sha512-zA9LbOApzkDtulUYNp5R2RVXX1mS6tIoPlhsr8bVQPsGvTQHXnF8W3n0mC//lMciu/NNvtqv+lXUahDn9P6Y0Q==",
      "dependencies": {
        "debounce": "^1.2.1"
      },
      "engines": {
        "node": ">=12"
      }
    },
    "node_modules/lightpick": {
      "version": "1.6.2",
      "resolved": "https://registry.npmjs.org/lightpick/-/lightpick-1.6.2.tgz",
      "integrity": "sha512-xQmKL6pvtKnLGI8sOgclgc/k6G8FvyjdfQy4nOm0iywD44gkER0ia7SR9cthdUIkkcDBFNHH8SfbPQJ33QF8fQ==",
      "deprecated": "Unmaintained in favor of Litepicker. Please use https://github.com/wakirin/Litepicker",
      "dependencies": {
        "moment": "^2.22.2"
      }
    },
    "node_modules/moment": {
      "version": "2.29.4",
      "resolved": "https://registry.npmjs.org/moment/-/moment-2.29.4.tgz",
      "integrity": "sha512-5LC9SOxjSc2HF6vO2CyuTDNivEdoz2IvyJJGj6X8DJ0eFyfszE0QiEd+iXmBvUP3WHxSjFH/vIsA0EN00cgr8w==",
      "engines": {
        "node": "*"
      }
    },
    "node_modules/svg-text-fit": {
      "version": "1.2.1",
      "resolved": "https://registry.npmjs.org/svg-text-fit/-/svg-text-fit-1.2.1.tgz",
      "integrity": "sha512-QDs1SIDdiD5xah1ic8XvYCKLoDeq+YSbFbE4ReCNw9jBezXKAedDg0Mr8Rj7HZ6qRmO+C378JQ8enUnYgFs2sA==",
      "dependencies": {
        "kapsule": "^1.14"
      },
      "engines": {
        "node": ">=12"
      }
    },
    "node_modules/svg-utils": {
      "version": "1.3.1",
      "resolved": "https://registry.npmjs.org/svg-utils/-/svg-utils-1.3.1.tgz",
      "integrity": "sha512-ljuVBX7TovEtX8E0IE3dXD5AH+AMc8u5MQkmflVm9zDp0E4cz/F7WA6yhMW3qxribHmobWDbwwuLsHIAPi5NYg==",
      "dependencies": {
        "d3-array": "1 - 3",
        "d3-scale": "1 - 4",
        "d3-selection": "2 - 3",
        "kapsule": "^1.14"
      },
      "engines": {
        "node": ">=12"
      }
    },
    "node_modules/tinycolor2": {
      "version": "1.6.0",
      "resolved": "https://registry.npmjs.org/tinycolor2/-/tinycolor2-1.6.0.tgz",
      "integrity": "sha512-XPaBkWQJdsf3pLKJV9p4qN/S+fm2Oj8AIPo1BTUhg5oxkvm9+SVEGFdhyOz7tTdUTfvxMiAs4sp6/eZO2Ew+pw=="
    }
  },
  "dependencies": {
    "d3-array": {
      "version": "3.2.2",
      "resolved": "https://registry.npmjs.org/d3-array/-/d3-array-3.2.2.tgz",
      "integrity": "sha512-yEEyEAbDrF8C6Ob2myOBLjwBLck1Z89jMGFee0oPsn95GqjerpaOA4ch+vc2l0FNFFwMD5N7OCSEN5eAlsUbgQ==",
      "requires": {
        "internmap": "1 - 2"
      }
    },
    "d3-color": {
      "version": "3.1.0",
      "resolved": "https://registry.npmjs.org/d3-color/-/d3-color-3.1.0.tgz",
      "integrity": "sha512-zg/chbXyeBtMQ1LbD/WSoW2DpC3I0mpmPdW+ynRTj/x2DAWYrIY7qeZIHidozwV24m4iavr15lNwIwLxRmOxhA=="
    },
    "d3-color-legend": {
      "version": "1.4.1",
      "resolved": "https://registry.npmjs.org/d3-color-legend/-/d3-color-legend-1.4.1.tgz",
      "integrity": "sha512-3yypvVkxAr8HVS+i1r+KInPKV3fkdYpXvqqjubX8OSrESn7TgzrkiZslJdCmPRN/o/Th5nzV4wjIy9JlHYL8eQ==",
      "requires": {
        "d3-selection": "2 - 3",
        "kapsule": "^1.14",
        "svg-text-fit": "^1.2",
        "svg-utils": "^1.3",
        "tinycolor2": "^1.6.0"
      }
    },
    "d3-format": {
      "version": "3.1.0",
      "resolved": "https://registry.npmjs.org/d3-format/-/d3-format-3.1.0.tgz",
      "integrity": "sha512-YyUI6AEuY/Wpt8KWLgZHsIU86atmikuoOmCfommt0LYHiQSPjvX2AcFc38PX0CBpr2RCyZhjex+NS/LPOv6YqA=="
    },
    "d3-interpolate": {
      "version": "3.0.1",
      "resolved": "https://registry.npmjs.org/d3-interpolate/-/d3-interpolate-3.0.1.tgz",
      "integrity": "sha512-3bYs1rOD33uo8aqJfKP3JWPAibgw8Zm2+L9vBKEHJ2Rg+viTR7o5Mmv5mZcieN+FRYaAOWX5SJATX6k1PWz72g==",
      "requires": {
        "d3-color": "1 - 3"
      }
    },
    "d3-scale": {
      "version": "4.0.2",
      "resolved": "https://registry.npmjs.org/d3-scale/-/d3-scale-4.0.2.tgz",
      "integrity": "sha512-GZW464g1SH7ag3Y7hXjf8RoUuAFIqklOAq3MRl4OaWabTFJY9PN/E1YklhXLh+OQ3fM9yS2nOkCoS+WLZ6kvxQ==",
      "requires": {
        "d3-array": "2.10.0 - 3",
        "d3-format": "1 - 3",
        "d3-interpolate": "1.2.0 - 3",
        "d3-time": "2.1.1 - 3",
        "d3-time-format": "2 - 4"
      }
    },
    "d3-selection": {
      "version": "3.0.0",
      "resolved": "https://registry.npmjs.org/d3-selection/-/d3-selection-3.0.0.tgz",
      "integrity": "sha512-fmTRWbNMmsmWq6xJV8D19U/gw/bwrHfNXxrIN+HfZgnzqTHp9jOmKMhsTUjXOJnZOdZY9Q28y4yebKzqDKlxlQ=="
    },
    "d3-time": {
      "version": "3.1.0",
      "resolved": "https://registry.npmjs.org/d3-time/-/d3-time-3.1.0.tgz",
      "integrity": "sha512-VqKjzBLejbSMT4IgbmVgDjpkYrNWUYJnbCGo874u7MMKIWsILRX+OpX/gTk8MqjpT1A/c6HY2dCA77ZN0lkQ2Q==",
      "requires": {
        "d3-array": "2 - 3"
      }
    },
    "d3-time-format": {
      "version": "4.1.0",
      "resolved": "https://registry.npmjs.org/d3-time-format/-/d3-time-format-4.1.0.tgz",
      "integrity": "sha512-dJxPBlzC7NugB2PDLwo9Q8JiTR3M3e4/XANkreKSUxF8vvXKqm1Yfq4Q5dl8budlunRVlUUaDUgFt7eA8D6NLg==",
      "requires": {
        "d3-time": "1 - 3"
      }
    },
    "debounce": {
      "version": "1.2.1",
      "resolved": "https://registry.npmjs.org/debounce/-/debounce-1.2.1.tgz",
      "integrity": "sha512-XRRe6Glud4rd/ZGQfiV1ruXSfbvfJedlV9Y6zOlP+2K04vBYiJEte6stfFkCP03aMnY5tsipamumUjL14fofug=="
    },
    "internmap": {
      "version": "2.0.3",
      "resolved": "https://registry.npmjs.org/internmap/-/internmap-2.0.3.tgz",
      "integrity": "sha512-5Hh7Y1wQbvY5ooGgPbDaL5iYLAPzMTUrjMulskHLH6wnv/A+1q5rgEaiuqEjB+oxGXIVZs1FF+R/KPN3ZSQYYg=="
    },
    "kapsule": {
      "version": "1.14.1",
      "resolved": "https://registry.npmjs.org/kapsule/-/kapsule-1.14.1.tgz",
      "integrity": "sha512-zA9LbOApzkDtulUYNp5R2RVXX1mS6tIoPlhsr8bVQPsGvTQHXnF8W3n0mC//lMciu/NNvtqv+lXUahDn9P6Y0Q==",
      "requires": {
        "debounce": "^1.2.1"
      }
    },
    "lightpick": {
      "version": "1.6.2",
      "resolved": "https://registry.npmjs.org/lightpick/-/lightpick-1.6.2.tgz",
      "integrity": "sha512-xQmKL6pvtKnLGI8sOgclgc/k6G8FvyjdfQy4nOm0iywD44gkER0ia7SR9cthdUIkkcDBFNHH8SfbPQJ33QF8fQ==",
      "requires": {
        "moment": "^2.22.2"
      }
    },
    "moment": {
      "version": "2.29.4",
      "resolved": "https://registry.npmjs.org/moment/-/moment-2.29.4.tgz",
      "integrity": "sha512-5LC9SOxjSc2HF6vO2CyuTDNivEdoz2IvyJJGj6X8DJ0eFyfszE0QiEd+iXmBvUP3WHxSjFH/vIsA0EN00cgr8w=="
    },
    "svg-text-fit": {
      "version": "1.2.1",
      "resolved": "https://registry.npmjs.org/svg-text-fit/-/svg-text-fit-1.2.1.tgz",
      "integrity": "sha512-QDs1SIDdiD5xah1ic8XvYCKLoDeq+YSbFbE4ReCNw9jBezXKAedDg0Mr8Rj7HZ6qRmO+C378JQ8enUnYgFs2sA==",
      "requires": {
        "kapsule": "^1.14"
      }
    },
    "svg-utils": {
      "version": "1.3.1",
      "resolved": "https://registry.npmjs.org/svg-utils/-/svg-utils-1.3.1.tgz",
      "integrity": "sha512-ljuVBX7TovEtX8E0IE3dXD5AH+AMc8u5MQkmflVm9zDp0E4cz/F7WA6yhMW3qxribHmobWDbwwuLsHIAPi5NYg==",
      "requires": {
        "d3-array": "1 - 3",
        "d3-scale": "1 - 4",
        "d3-selection": "2 - 3",
        "kapsule": "^1.14"
      }
    },
    "tinycolor2": {
      "version": "1.6.0",
      "resolved": "https://registry.npmjs.org/tinycolor2/-/tinycolor2-1.6.0.tgz",
      "integrity": "sha512-XPaBkWQJdsf3pLKJV9p4qN/S+fm2Oj8AIPo1BTUhg5oxkvm9+SVEGFdhyOz7tTdUTfvxMiAs4sp6/eZO2Ew+pw=="
    }
  }
}
